
Microsoft Visual Studio Solution File, Format Version 12.00
# Visual Studio Version 17
VisualStudioVersion = 17.3.32901.215
MinimumVisualStudioVersion = 10.0.40219.1
Project("{FAE04EC0-301F-11D3-BF4B-00C04F79EFBC}") = "Warehouse", "Warehouse\Warehouse.csproj", "{4950F964-C60C-422E-85A8-C853B205BF44}"
EndProject
Global
	GlobalSection(SolutionConfigurationPlatforms) = preSolution
		Debug|Any CPU = Debug|Any CPU
		Release|Any CPU = Release|Any CPU
	EndGlobalSection
	GlobalSection(ProjectConfigurationPlatforms) = postSolution
		{4950F964-C60C-422E-85A8-C853B205BF44}.Debug|Any CPU.ActiveCfg = Debug|Any CPU
		{4950F964-C60C-422E-85A8-C853B205BF44}.Debug|Any CPU.Build.0 = Debug|Any CPU
		{4950F964-C60C-422E-85A8-C853B205BF44}.Release|Any CPU.ActiveCfg = Release|Any CPU
		{4950F964-C60C-422E-85A8-C853B205BF44}.Release|Any CPU.Build.0 = Release|Any CPU
	EndGlobalSection
	GlobalSection(SolutionProperties) = preSolution
		HideSolutionNode = FALSE
	EndGlobalSection
	GlobalSection(ExtensibilityGlobals) = postSolution
		SolutionGuid = {373C379E-7F79-4778-AEE9-9000B92A7C57}
	EndGlobalSection
EndGlobal
